
Microsoft Visual Studio Solution File, Format Version 12.00
# Visual Studio 14
VisualStudioVersion = 14.0.24720.0
MinimumVisualStudioVersion = 10.0.40219.1
Project("{2150E333-8FDC-42A3-9474-1A3956D46DE8}") = "Client", "Client", "{5E056929-1C6F-4179-AB2F-B722A8EA3F07}"
EndProject
Project("{2150E333-8FDC-42A3-9474-1A3956D46DE8}") = "Server", "Server", "{C215337A-3631-44EF-B2B1-D824D241094B}"
EndProject
Project("{FAE04EC0-301F-11D3-BF4B-00C04F79EFBC}") = "core", "client\core\core.csproj", "{0393287D-AC2B-43D9-9F7D-3048384C0BF5}"
EndProject
Project("{FAE04EC0-301F-11D3-BF4B-00C04F79EFBC}") = "core", "server\core\core.csproj", "{1483060F-92FF-4588-A800-0896F78463CD}"
EndProject
Project("{FAE04EC0-301F-11D3-BF4B-00C04F79EFBC}") = "Lidgren.Network", "Lidgren.Network\Lidgren.Network.csproj", "{49BA1C69-6104-41AC-A5D8-B54FA9F696E8}"
EndProject
Project("{D954291E-2A0B-460D-934E-DC6B0785DB48}") = "Shared", "Shared\Shared.shproj", "{2D9CBF12-D363-4051-BD55-DA779821E765}"
EndProject
Project("{8BC9CEB8-8B4A-11D0-8D11-00A0C91BC942}") = "ScriptHookDotNet", "client\ScriptHookDotNet\ScriptHookDotNet.vcxproj", "{5DD209AC-1B5F-483A-BCA9-150CAD228C5A}"
EndProject
Global
	GlobalSection(SharedMSBuildProjectFiles) = preSolution
		Shared\Shared.projitems*{1483060f-92ff-4588-a800-0896f78463cd}*SharedItemsImports = 4
		Shared\Shared.projitems*{0393287d-ac2b-43d9-9f7d-3048384c0bf5}*SharedItemsImports = 4
		Shared\Shared.projitems*{2d9cbf12-d363-4051-bd55-da779821e765}*SharedItemsImports = 13
	EndGlobalSection
	GlobalSection(SolutionConfigurationPlatforms) = preSolution
		Debug|Any CPU = Debug|Any CPU
		Debug|x86 = Debug|x86
		Release|Any CPU = Release|Any CPU
		Release|x86 = Release|x86
	EndGlobalSection
	GlobalSection(ProjectConfigurationPlatforms) = postSolution
		{0393287D-AC2B-43D9-9F7D-3048384C0BF5}.Debug|Any CPU.ActiveCfg = Debug|Any CPU
		{0393287D-AC2B-43D9-9F7D-3048384C0BF5}.Debug|Any CPU.Build.0 = Debug|Any CPU
		{0393287D-AC2B-43D9-9F7D-3048384C0BF5}.Debug|x86.ActiveCfg = Debug|Any CPU
		{0393287D-AC2B-43D9-9F7D-3048384C0BF5}.Debug|x86.Build.0 = Debug|Any CPU
		{0393287D-AC2B-43D9-9F7D-3048384C0BF5}.Release|Any CPU.ActiveCfg = Release|Any CPU
		{0393287D-AC2B-43D9-9F7D-3048384C0BF5}.Release|Any CPU.Build.0 = Release|Any CPU
		{0393287D-AC2B-43D9-9F7D-3048384C0BF5}.Release|x86.ActiveCfg = Release|Any CPU
		{0393287D-AC2B-43D9-9F7D-3048384C0BF5}.Release|x86.Build.0 = Release|Any CPU
		{1483060F-92FF-4588-A800-0896F78463CD}.Debug|Any CPU.ActiveCfg = Debug|Any CPU
		{1483060F-92FF-4588-A800-0896F78463CD}.Debug|Any CPU.Build.0 = Debug|Any CPU
		{1483060F-92FF-4588-A800-0896F78463CD}.Debug|x86.ActiveCfg = Debug|Any CPU
		{1483060F-92FF-4588-A800-0896F78463CD}.Debug|x86.Build.0 = Debug|Any CPU
		{1483060F-92FF-4588-A800-0896F78463CD}.Release|Any CPU.ActiveCfg = Release|Any CPU
		{1483060F-92FF-4588-A800-0896F78463CD}.Release|Any CPU.Build.0 = Release|Any CPU
		{1483060F-92FF-4588-A800-0896F78463CD}.Release|x86.ActiveCfg = Release|Any CPU
		{1483060F-92FF-4588-A800-0896F78463CD}.Release|x86.Build.0 = Release|Any CPU
		{49BA1C69-6104-41AC-A5D8-B54FA9F696E8}.Debug|Any CPU.ActiveCfg = Debug|Any CPU
		{49BA1C69-6104-41AC-A5D8-B54FA9F696E8}.Debug|Any CPU.Build.0 = Debug|Any CPU
		{49BA1C69-6104-41AC-A5D8-B54FA9F696E8}.Debug|x86.ActiveCfg = Debug|Any CPU
		{49BA1C69-6104-41AC-A5D8-B54FA9F696E8}.Debug|x86.Build.0 = Debug|Any CPU
		{49BA1C69-6104-41AC-A5D8-B54FA9F696E8}.Release|Any CPU.ActiveCfg = Release|Any CPU
		{49BA1C69-6104-41AC-A5D8-B54FA9F696E8}.Release|Any CPU.Build.0 = Release|Any CPU
		{49BA1C69-6104-41AC-A5D8-B54FA9F696E8}.Release|x86.ActiveCfg = Release|Any CPU
		{49BA1C69-6104-41AC-A5D8-B54FA9F696E8}.Release|x86.Build.0 = Release|Any CPU
		{5DD209AC-1B5F-483A-BCA9-150CAD228C5A}.Debug|Any CPU.ActiveCfg = Debug|Win32
		{5DD209AC-1B5F-483A-BCA9-150CAD228C5A}.Debug|x86.ActiveCfg = Debug|Win32
		{5DD209AC-1B5F-483A-BCA9-150CAD228C5A}.Debug|x86.Build.0 = Debug|Win32
		{5DD209AC-1B5F-483A-BCA9-150CAD228C5A}.Release|Any CPU.ActiveCfg = Release|Win32
		{5DD209AC-1B5F-483A-BCA9-150CAD228C5A}.Release|x86.ActiveCfg = Release|Win32
		{5DD209AC-1B5F-483A-BCA9-150CAD228C5A}.Release|x86.Build.0 = Release|Win32
	EndGlobalSection
	GlobalSection(SolutionProperties) = preSolution
		HideSolutionNode = FALSE
	EndGlobalSection
	GlobalSection(NestedProjects) = preSolution
		{0393287D-AC2B-43D9-9F7D-3048384C0BF5} = {5E056929-1C6F-4179-AB2F-B722A8EA3F07}
		{1483060F-92FF-4588-A800-0896F78463CD} = {C215337A-3631-44EF-B2B1-D824D241094B}
		{5DD209AC-1B5F-483A-BCA9-150CAD228C5A} = {5E056929-1C6F-4179-AB2F-B722A8EA3F07}
	EndGlobalSection
EndGlobal
